
Microsoft Visual Studio Solution File, Format Version 12.00
# Visual Studio 2013
VisualStudioVersion = 12.0.21005.1
MinimumVisualStudioVersion = 10.0.40219.1
Project("{FAE04EC0-301F-11D3-BF4B-00C04F79EFBC}") = "chess", "chess\chess.csproj", "{A3FDC747-0570-47E8-B760-9EB4C7C826EB}"
EndProject
Global
	GlobalSection(SolutionConfigurationPlatforms) = preSolution
		Debug|Any CPU = Debug|Any CPU
		Release|Any CPU = Release|Any CPU
	EndGlobalSection
	GlobalSection(ProjectConfigurationPlatforms) = postSolution
		{A3FDC747-0570-47E8-B760-9EB4C7C826EB}.Debug|Any CPU.ActiveCfg = Debug|Any CPU
		{A3FDC747-0570-47E8-B760-9EB4C7C826EB}.Debug|Any CPU.Build.0 = Debug|Any CPU
		{A3FDC747-0570-47E8-B760-9EB4C7C826EB}.Release|Any CPU.ActiveCfg = Release|Any CPU
		{A3FDC747-0570-47E8-B760-9EB4C7C826EB}.Release|Any CPU.Build.0 = Release|Any CPU
	EndGlobalSection
	GlobalSection(SolutionProperties) = preSolution
		HideSolutionNode = FALSE
	EndGlobalSection
EndGlobal
